// !$*UTF8*$!
{
	archiveVersion = 1;
	classes = {
	};
	objectVersion = 50;
	objects = {

/* Begin PBXBuildFile section */
		F62CD35726053B5600131D42 /* ListViewController.swift in Sources */ = {isa = PBXBuildFile; fileRef = F62CD35626053B5600131D42 /* ListViewController.swift */; };
		F6BFE0EA2600EC3A00615A6E /* AppDelegate.swift in Sources */ = {isa = PBXBuildFile; fileRef = F6BFE0E92600EC3A00615A6E /* AppDelegate.swift */; };
		F6BFE0EC2600EC3A00615A6E /* SceneDelegate.swift in Sources */ = {isa = PBXBuildFile; fileRef = F6BFE0EB2600EC3A00615A6E /* SceneDelegate.swift */; };
		F6BFE0EE2600EC3A00615A6E /* ViewController.swift in Sources */ = {isa = PBXBuildFile; fileRef = F6BFE0ED2600EC3A00615A6E /* ViewController.swift */; };
		F6BFE0F12600EC3A00615A6E /* Main.storyboard in Resources */ = {isa = PBXBuildFile; fileRef = F6BFE0EF2600EC3A00615A6E /* Main.storyboard */; };
		F6BFE0F42600EC3A00615A6E /* TravelBook.xcdatamodeld in Sources */ = {isa = PBXBuildFile; fileRef = F6BFE0F22600EC3A00615A6E /* TravelBook.xcdatamodeld */; };
		F6BFE0F62600EC3B00615A6E /* Assets.xcassets in Resources */ = {isa = PBXBuildFile; fileRef = F6BFE0F52600EC3B00615A6E /* Assets.xcassets */; };
		F6BFE0F92600EC3B00615A6E /* LaunchScreen.storyboard in Resources */ = {isa = PBXBuildFile; fileRef = F6BFE0F72600EC3B00615A6E /* LaunchScreen.storyboard */; };
/* End PBXBuildFile section */

/* Begin PBXFileReference section */
		F62CD35626053B5600131D42 /* ListViewController.swift */ = {isa = PBXFileReference; lastKnownFileType = sourcecode.swift; path = ListViewController.swift; sourceTree = "<group>"; };
		F6BFE0E62600EC3A00615A6E /* TravelBook.app */ = {isa = PBXFileReference; explicitFileType = wrapper.application; includeInIndex = 0; path = TravelBook.app; sourceTree = BUILT_PRODUCTS_DIR; };
		F6BFE0E92600EC3A00615A6E /* AppDelegate.swift */ = {isa = PBXFileReference; lastKnownFileType = sourcecode.swift; path = AppDelegate.swift; sourceTree = "<group>"; };
		F6BFE0EB2600EC3A00615A6E /* SceneDelegate.swift */ = {isa = PBXFileReference; lastKnownFileType = sourcecode.swift; path = SceneDelegate.swift; sourceTree = "<group>"; };
		F6BFE0ED2600EC3A00615A6E /* ViewController.swift */ = {isa = PBXFileReference; lastKnownFileType = sourcecode.swift; path = ViewController.swift; sourceTree = "<group>"; };
		F6BFE0F02600EC3A00615A6E /* Base */ = {isa = PBXFileReference; lastKnownFileType = file.storyboard; name = Base; path = Base.lproj/Main.storyboard; sourceTree = "<group>"; };
		F6BFE0F32600EC3A00615A6E /* TravelBook.xcdatamodel */ = {isa = PBXFileReference; lastKnownFileType = wrapper.xcdatamodel; path = TravelBook.xcdatamodel; sourceTree = "<group>"; };
		F6BFE0F52600EC3B00615A6E /* Assets.xcassets */ = {isa = PBXFileReference; lastKnownFileType = folder.assetcatalog; path = Assets.xcassets; sourceTree = "<group>"; };
		F6BFE0F82600EC3B00615A6E /* Base */ = {isa = PBXFileReference; lastKnownFileType = file.storyboard; name = Base; path = Base.lproj/LaunchScreen.storyboard; sourceTree = "<group>"; };
		F6BFE0FA2600EC3B00615A6E /* Info.plist */ = {isa = PBXFileReference; lastKnownFileType = text.plist.xml; path = Info.plist; sourceTree = "<group>"; };
/* End PBXFileReference section */

/* Begin PBXFrameworksBuildPhase section */
		F6BFE0E32600EC3A00615A6E /* Frameworks */ = {
			isa = PBXFrameworksBuildPhase;
			buildActionMask = 2147483647;
			files = (
			);
			runOnlyForDeploymentPostprocessing = 0;
		};
/* End PBXFrameworksBuildPhase section */

/* Begin PBXGroup section */
		F6BFE0DD2600EC3A00615A6E = {
			isa = PBXGroup;
			children = (
				F6BFE0E82600EC3A00615A6E /* TravelBook */,
				F6BFE0E72600EC3A00615A6E /* Products */,
			);
			sourceTree = "<group>";
		};
		F6BFE0E72600EC3A00615A6E /* Products */ = {
			isa = PBXGroup;
			children = (
				F6BFE0E62600EC3A00615A6E /* TravelBook.app */,
			);
			name = Products;
			sourceTree = "<group>";
		};
		F6BFE0E82600EC3A00615A6E /* TravelBook */ = {
			isa = PBXGroup;
			children = (
				F6BFE0E92600EC3A00615A6E /* AppDelegate.swift */,
				F6BFE0EB2600EC3A00615A6E /* SceneDelegate.swift */,
				F6BFE0ED2600EC3A00615A6E /* ViewController.swift */,
				F62CD35626053B5600131D42 /* ListViewController.swift */,
				F6BFE0EF2600EC3A00615A6E /* Main.storyboard */,
				F6BFE0F52600EC3B00615A6E /* Assets.xcassets */,
				F6BFE0F72600EC3B00615A6E /* LaunchScreen.storyboard */,
				F6BFE0FA2600EC3B00615A6E /* Info.plist */,
				F6BFE0F22600EC3A00615A6E /* TravelBook.xcdatamodeld */,
			);
			path = TravelBook;
			sourceTree = "<group>";
		};
/* End PBXGroup section */

/* Begin PBXNativeTarget section */
		F6BFE0E52600EC3A00615A6E /* TravelBook */ = {
			isa = PBXNativeTarget;
			buildConfigurationList = F6BFE0FD2600EC3B00615A6E /* Build configuration list for PBXNativeTarget "TravelBook" */;
			buildPhases = (
				F6BFE0E22600EC3A00615A6E /* Sources */,
				F6BFE0E32600EC3A00615A6E /* Frameworks */,
				F6BFE0E42600EC3A00615A6E /* Resources */,
			);
			buildRules = (
			);
			dependencies = (
			);
			name = TravelBook;
			productName = TravelBook;
			productReference = F6BFE0E62600EC3A00615A6E /* TravelBook.app */;
			productType = "com.apple.product-type.application";
		};
/* End PBXNativeTarget section */

/* Begin PBXProject section */
		F6BFE0DE2600EC3A00615A6E /* Project object */ = {
			isa = PBXProject;
			attributes = {
				LastSwiftUpdateCheck = 1240;
				LastUpgradeCheck = 1240;
				TargetAttributes = {
					F6BFE0E52600EC3A00615A6E = {
						CreatedOnToolsVersion = 12.4;
					};
				};
			};
			buildConfigurationList = F6BFE0E12600EC3A00615A6E /* Build configuration list for PBXProject "TravelBook" */;
			compatibilityVersion = "Xcode 9.3";
			developmentRegion = en;
			hasScannedForEncodings = 0;
			knownRegions = (
				en,
				Base,
			);
			mainGroup = F6BFE0DD2600EC3A00615A6E;
			productRefGroup = F6BFE0E72600EC3A00615A6E /* Products */;
			projectDirPath = "";
			projectRoot = "";
			targets = (
				F6BFE0E52600EC3A00615A6E /* TravelBook */,
			);
		};
/* End PBXProject section */

/* Begin PBXResourcesBuildPhase section */
		F6BFE0E42600EC3A00615A6E /* Resources */ = {
			isa = PBXResourcesBuildPhase;
			buildActionMask = 2147483647;
			files = (
				F6BFE0F92600EC3B00615A6E /* LaunchScreen.storyboard in Resources */,
				F6BFE0F62600EC3B00615A6E /* Assets.xcassets in Resources */,
				F6BFE0F12600EC3A00615A6E /* Main.storyboard in Resources */,
			);
			runOnlyForDeploymentPostprocessing = 0;
		};
/* End PBXResourcesBuildPhase section */

/* Begin PBXSourcesBuildPhase section */
		F6BFE0E22600EC3A00615A6E /* Sources */ = {
			isa = PBXSourcesBuildPhase;
			buildActionMask = 2147483647;
			files = (
				F6BFE0F42600EC3A00615A6E /* TravelBook.xcdatamodeld in Sources */,
				F6BFE0EE2600EC3A00615A6E /* ViewController.swift in Sources */,
				F6BFE0EA2600EC3A00615A6E /* AppDelegate.swift in Sources */,
				F62CD35726053B5600131D42 /* ListViewController.swift in Sources */,
				F6BFE0EC2600EC3A00615A6E /* SceneDelegate.swift in Sources */,
			);
			runOnlyForDeploymentPostprocessing = 0;
		};
/* End PBXSourcesBuildPhase section */

/* Begin PBXVariantGroup section */
		F6BFE0EF2600EC3A00615A6E /* Main.storyboard */ = {
			isa = PBXVariantGroup;
			children = (
				F6BFE0F02600EC3A00615A6E /* Base */,
			);
			name = Main.storyboard;
			sourceTree = "<group>";
		};
		F6BFE0F72600EC3B00615A6E /* LaunchScreen.storyboard */ = {
			isa = PBXVariantGroup;
			children = (
				F6BFE0F82600EC3B00615A6E /* Base */,
			);
			name = LaunchScreen.storyboard;
			sourceTree = "<group>";
		};
/* End PBXVariantGroup section */

/* Begin XCBuildConfiguration section */
		F6BFE0FB2600EC3B00615A6E /* Debug */ = {
			isa = XCBuildConfiguration;
			buildSettings = {
				ALWAYS_SEARCH_USER_PATHS = NO;
				CLANG_ANALYZER_NONNULL = YES;
				CLANG_ANALYZER_NUMBER_OBJECT_CONVERSION = YES_AGGRESSIVE;
				CLANG_CXX_LANGUAGE_STANDARD = "gnu++14";
				CLANG_CXX_LIBRARY = "libc++";
				CLANG_ENABLE_MODULES = YES;
				CLANG_ENABLE_OBJC_ARC = YES;
				CLANG_ENABLE_OBJC_WEAK = YES;
				CLANG_WARN_BLOCK_CAPTURE_AUTORELEASING = YES;
				CLANG_WARN_BOOL_CONVERSION = YES;
				CLANG_WARN_COMMA = YES;
				CLANG_WARN_CONSTANT_CONVERSION = YES;
				CLANG_WARN_DEPRECATED_OBJC_IMPLEMENTATIONS = YES;
				CLANG_WARN_DIRECT_OBJC_ISA_USAGE = YES_ERROR;
				CLANG_WARN_DOCUMENTATION_COMMENTS = YES;
				CLANG_WARN_EMPTY_BODY = YES;
				CLANG_WARN_ENUM_CONVERSION = YES;
				CLANG_WARN_INFINITE_RECURSION = YES;
				CLANG_WARN_INT_CONVERSION = YES;
				CLANG_WARN_NON_LITERAL_NULL_CONVERSION = YES;
				CLANG_WARN_OBJC_IMPLICIT_RETAIN_SELF = YES;
				CLANG_WARN_OBJC_LITERAL_CONVERSION = YES;
				CLANG_WARN_OBJC_ROOT_CLASS = YES_ERROR;
				CLANG_WARN_QUOTED_INCLUDE_IN_FRAMEWORK_HEADER = YES;
				CLANG_WARN_RANGE_LOOP_ANALYSIS = YES;
				CLANG_WARN_STRICT_PROTOTYPES = YES;
				CLANG_WARN_SUSPICIOUS_MOVE = YES;
				CLANG_WARN_UNGUARDED_AVAILABILITY = YES_AGGRESSIVE;
				CLANG_WARN_UNREACHABLE_CODE = YES;
				CLANG_WARN__DUPLICATE_METHOD_MATCH = YES;
				COPY_PHASE_STRIP = NO;
				DEBUG_INFORMATION_FORMAT = dwarf;
				ENABLE_STRICT_OBJC_MSGSEND = YES;
				ENABLE_TESTABILITY = YES;
				GCC_C_LANGUAGE_STANDARD = gnu11;
				GCC_DYNAMIC_NO_PIC = NO;
				GCC_NO_COMMON_BLOCKS = YES;
				GCC_OPTIMIZATION_LEVEL = 0;
				GCC_PREPROCESSOR_DEFINITIONS = (
					"DEBUG=1",
					"$(inherited)",
				);
				GCC_WARN_64_TO_32_BIT_CONVERSION = YES;
				GCC_WARN_ABOUT_RETURN_TYPE = YES_ERROR;
				GCC_WARN_UNDECLARED_SELECTOR = YES;
				GCC_WARN_UNINITIALIZED_AUTOS = YES_AGGRESSIVE;
				GCC_WARN_UNUSED_FUNCTION = YES;
				GCC_WARN_UNUSED_VARIABLE = YES;
				IPHONEOS_DEPLOYMENT_TARGET = 14.4;
				MTL_ENABLE_DEBUG_INFO = INCLUDE_SOURCE;
				MTL_FAST_MATH = YES;
				ONLY_ACTIVE_ARCH = YES;
				SDKROOT = iphoneos;
				SWIFT_ACTIVE_COMPILATION_CONDITIONS = DEBUG;
				SWIFT_OPTIMIZATION_LEVEL = "-Onone";
			};
			name = Debug;
		};
		F6BFE0FC2600EC3B00615A6E /* Release */ = {
			isa = XCBuildConfiguration;
			buildSettings = {
				ALWAYS_SEARCH_USER_PATHS = NO;
				CLANG_ANALYZER_NONNULL = YES;
				CLANG_ANALYZER_NUMBER_OBJECT_CONVERSION = YES_AGGRESSIVE;
				CLANG_CXX_LANGUAGE_STANDARD = "gnu++14";
				CLANG_CXX_LIBRARY = "libc++";
				CLANG_ENABLE_MODULES = YES;
				CLANG_ENABLE_OBJC_ARC = YES;
				CLANG_ENABLE_OBJC_WEAK = YES;
				CLANG_WARN_BLOCK_CAPTURE_AUTORELEASING = YES;
				CLANG_WARN_BOOL_CONVERSION = YES;
				CLANG_WARN_COMMA = YES;
				CLANG_WARN_CONSTANT_CONVERSION = YES;
				CLANG_WARN_DEPRECATED_OBJC_IMPLEMENTATIONS = YES;
				CLANG_WARN_DIRECT_OBJC_ISA_USAGE = YES_ERROR;
				CLANG_WARN_DOCUMENTATION_COMMENTS = YES;
				CLANG_WARN_EMPTY_BODY = YES;
				CLANG_WARN_ENUM_CONVERSION = YES;
				CLANG_WARN_INFINITE_RECURSION = YES;
				CLANG_WARN_INT_CONVERSION = YES;
				CLANG_WARN_NON_LITERAL_NULL_CONVERSION = YES;
				CLANG_WARN_OBJC_IMPLICIT_RETAIN_SELF = YES;
				CLANG_WARN_OBJC_LITERAL_CONVERSION = YES;
				CLANG_WARN_OBJC_ROOT_CLASS = YES_ERROR;
				CLANG_WARN_QUOTED_INCLUDE_IN_FRAMEWORK_HEADER = YES;
				CLANG_WARN_RANGE_LOOP_ANALYSIS = YES;
				CLANG_WARN_STRICT_PROTOTYPES = YES;
				CLANG_WARN_SUSPICIOUS_MOVE = YES;
				CLANG_WARN_UNGUARDED_AVAILABILITY = YES_AGGRESSIVE;
				CLANG_WARN_UNREACHABLE_CODE = YES;
				CLANG_WARN__DUPLICATE_METHOD_MATCH = YES;
				COPY_PHASE_STRIP = NO;
				DEBUG_INFORMATION_FORMAT = "dwarf-with-dsym";
				ENABLE_NS_ASSERTIONS = NO;
				ENABLE_STRICT_OBJC_MSGSEND = YES;
				GCC_C_LANGUAGE_STANDARD = gnu11;
				GCC_NO_COMMON_BLOCKS = YES;
				GCC_WARN_64_TO_32_BIT_CONVERSION = YES;
				GCC_WARN_ABOUT_RETURN_TYPE = YES_ERROR;
				GCC_WARN_UNDECLARED_SELECTOR = YES;
				GCC_WARN_UNINITIALIZED_AUTOS = YES_AGGRESSIVE;
				GCC_WARN_UNUSED_FUNCTION = YES;
				GCC_WARN_UNUSED_VARIABLE = YES;
				IPHONEOS_DEPLOYMENT_TARGET = 14.4;
				MTL_ENABLE_DEBUG_INFO = NO;
				MTL_FAST_MATH = YES;
				SDKROOT = iphoneos;
				SWIFT_COMPILATION_MODE = wholemodule;
				SWIFT_OPTIMIZATION_LEVEL = "-O";
				VALIDATE_PRODUCT = YES;
			};
			name = Release;
		};
		F6BFE0FE2600EC3B00615A6E /* Debug */ = {
			isa = XCBuildConfiguration;
			buildSettings = {
				ASSETCATALOG_COMPILER_APPICON_NAME = AppIcon;
				ASSETCATALOG_COMPILER_GLOBAL_ACCENT_COLOR_NAME = AccentColor;
				CODE_SIGN_STYLE = Automatic;
				DEVELOPMENT_TEAM = 2882436P78;
				INFOPLIST_FILE = TravelBook/Info.plist;
				LD_RUNPATH_SEARCH_PATHS = (
					"$(inherited)",
					"@executable_path/Frameworks",
				);
				PRODUCT_BUNDLE_IDENTIFIER = yasingoktepe.TravelBook;
				PRODUCT_NAME = "$(TARGET_NAME)";
				SWIFT_VERSION = 5.0;
				TARGETED_DEVICE_FAMILY = "1,2";
			};
			name = Debug;
		};
		F6BFE0FF2600EC3B00615A6E /* Release */ = {
			isa = XCBuildConfiguration;
			buildSettings = {
				ASSETCATALOG_COMPILER_APPICON_NAME = AppIcon;
				ASSETCATALOG_COMPILER_GLOBAL_ACCENT_COLOR_NAME = AccentColor;
				CODE_SIGN_STYLE = Automatic;
				DEVELOPMENT_TEAM = 2882436P78;
				INFOPLIST_FILE = TravelBook/Info.plist;
				LD_RUNPATH_SEARCH_PATHS = (
					"$(inherited)",
					"@executable_path/Frameworks",
				);
				PRODUCT_BUNDLE_IDENTIFIER = yasingoktepe.TravelBook;
				PRODUCT_NAME = "$(TARGET_NAME)";
				SWIFT_VERSION = 5.0;
				TARGETED_DEVICE_FAMILY = "1,2";
			};
			name = Release;
		};
/* End XCBuildConfiguration section */

/* Begin XCConfigurationList section */
		F6BFE0E12600EC3A00615A6E /* Build configuration list for PBXProject "TravelBook" */ = {
			isa = XCConfigurationList;
			buildConfigurations = (
				F6BFE0FB2600EC3B00615A6E /* Debug */,
				F6BFE0FC2600EC3B00615A6E /* Release */,
			);
			defaultConfigurationIsVisible = 0;
			defaultConfigurationName = Release;
		};
		F6BFE0FD2600EC3B00615A6E /* Build configuration list for PBXNativeTarget "TravelBook" */ = {
			isa = XCConfigurationList;
			buildConfigurations = (
				F6BFE0FE2600EC3B00615A6E /* Debug */,
				F6BFE0FF2600EC3B00615A6E /* Release */,
			);
			defaultConfigurationIsVisible = 0;
			defaultConfigurationName = Release;
		};
/* End XCConfigurationList section */

/* Begin XCVersionGroup section */
		F6BFE0F22600EC3A00615A6E /* TravelBook.xcdatamodeld */ = {
			isa = XCVersionGroup;
			children = (
				F6BFE0F32600EC3A00615A6E /* TravelBook.xcdatamodel */,
			);
			currentVersion = F6BFE0F32600EC3A00615A6E /* TravelBook.xcdatamodel */;
			path = TravelBook.xcdatamodeld;
			sourceTree = "<group>";
			versionGroupType = wrapper.xcdatamodel;
		};
/* End XCVersionGroup section */
	};
	rootObject = F6BFE0DE2600EC3A00615A6E /* Project object */;
}
